
Microsoft Visual Studio Solution File, Format Version 12.00
# Visual Studio Version 17
VisualStudioVersion = 17.8.34330.188
MinimumVisualStudioVersion = 10.0.40219.1
Project("{9A19103F-16F7-4668-BE54-9A1E7A4F7556}") = "LibraryForCalculatingAreaAndRadius", "LibraryForCalculatingAreaAndRadius\LibraryForCalculatingAreaAndRadius.csproj", "{FC26C57A-5CA1-433C-A8EE-FA8AE2D38EC0}"
EndProject
Project("{9A19103F-16F7-4668-BE54-9A1E7A4F7556}") = "TestLibrary", "TestLibrary\TestLibrary.csproj", "{9E75474D-D7EF-41E9-8094-A8647FF57234}"
	ProjectSection(ProjectDependencies) = postProject
		{FC26C57A-5CA1-433C-A8EE-FA8AE2D38EC0} = {FC26C57A-5CA1-433C-A8EE-FA8AE2D38EC0}
	EndProjectSection
EndProject
Project("{2150E333-8FDC-42A3-9474-1A3956D46DE8}") = "Элементы решения", "Элементы решения", "{809A7E33-0B93-41F4-8A2B-27CC3714648A}"
	ProjectSection(SolutionItems) = preProject
		TZSqlScript.sql = TZSqlScript.sql
	EndProjectSection
EndProject
Global
	GlobalSection(SolutionConfigurationPlatforms) = preSolution
		Debug|Any CPU = Debug|Any CPU
		Release|Any CPU = Release|Any CPU
	EndGlobalSection
	GlobalSection(ProjectConfigurationPlatforms) = postSolution
		{FC26C57A-5CA1-433C-A8EE-FA8AE2D38EC0}.Debug|Any CPU.ActiveCfg = Debug|Any CPU
		{FC26C57A-5CA1-433C-A8EE-FA8AE2D38EC0}.Debug|Any CPU.Build.0 = Debug|Any CPU
		{FC26C57A-5CA1-433C-A8EE-FA8AE2D38EC0}.Release|Any CPU.ActiveCfg = Release|Any CPU
		{FC26C57A-5CA1-433C-A8EE-FA8AE2D38EC0}.Release|Any CPU.Build.0 = Release|Any CPU
		{9E75474D-D7EF-41E9-8094-A8647FF57234}.Debug|Any CPU.ActiveCfg = Debug|Any CPU
		{9E75474D-D7EF-41E9-8094-A8647FF57234}.Debug|Any CPU.Build.0 = Debug|Any CPU
		{9E75474D-D7EF-41E9-8094-A8647FF57234}.Release|Any CPU.ActiveCfg = Release|Any CPU
		{9E75474D-D7EF-41E9-8094-A8647FF57234}.Release|Any CPU.Build.0 = Release|Any CPU
	EndGlobalSection
	GlobalSection(SolutionProperties) = preSolution
		HideSolutionNode = FALSE
	EndGlobalSection
	GlobalSection(ExtensibilityGlobals) = postSolution
		SolutionGuid = {599B4243-057D-422B-8C1C-77C73D1FB625}
	EndGlobalSection
EndGlobal
